{
  "version": 4,
  "terraform_version": "1.9.2",
  "serial": 125,
  "lineage": "15ffb1d9-dd93-f2f6-2e96-7c91e8c044d2",
  "outputs": {
    "igw_name": {
      "value": "My IGW name is internet-GW",
      "type": "string"
    },
    "my_zones": {
      "value": [
        "ap-southeast-1a",
        "ap-southeast-1b",
        "ap-southeast-1c"
      ],
      "type": [
        "list",
        "string"
      ]
    },
    "ssh_command": {
      "value": "ssh -i ./private_key.pem ubuntu@18.141.106.44",
      "type": "string"
    },
    "vpc_name1": {
      "value": "My public VPC name is peering_vpc_1",
      "type": "string"
    },
    "vpc_name2": {
      "value": "My private VPC name is peering_vpc_2",
      "type": "string"
    }
  },
  "resources": [
    {
      "mode": "data",
      "type": "aws_availability_zones",
      "name": "available",
      "provider": "provider[\"registry.terraform.io/hashicorp/aws\"]",
      "instances": [
        {
          "schema_version": 0,
          "attributes": {
            "all_availability_zones": null,
            "exclude_names": null,
            "exclude_zone_ids": null,
            "filter": null,
            "group_names": [
              "ap-southeast-1"
            ],
            "id": "ap-southeast-1",
            "names": [
              "ap-southeast-1a",
              "ap-southeast-1b",
              "ap-southeast-1c"
            ],
            "state": "available",
            "timeouts": null,
            "zone_ids": [
              "apse1-az1",
              "apse1-az2",
              "apse1-az3"
            ]
          },
          "sensitive_attributes": []
        }
      ]
    },
    {
      "mode": "managed",
      "type": "aws_eip",
      "name": "public_eip",
      "provider": "provider[\"registry.terraform.io/hashicorp/aws\"]",
      "instances": [
        {
          "schema_version": 0,
          "attributes": {
            "address": null,
            "allocation_id": "eipalloc-05b032287f82e345f",
            "arn": "arn:aws:ec2:ap-southeast-1:992382362896:elastic-ip/eipalloc-05b032287f82e345f",
            "associate_with_private_ip": null,
            "association_id": "eipassoc-0a6cf5b4a8080d0a5",
            "carrier_ip": "",
            "customer_owned_ip": "",
            "customer_owned_ipv4_pool": "",
            "domain": "vpc",
            "id": "eipalloc-05b032287f82e345f",
            "instance": "i-091268a918321d782",
            "ipam_pool_id": null,
            "network_border_group": "ap-southeast-1",
            "network_interface": "eni-05917648f116d03c2",
            "private_dns": "ip-10-0-1-92.ap-southeast-1.compute.internal",
            "private_ip": "10.0.1.92",
            "ptr_record": "",
            "public_dns": "ec2-18-141-106-44.ap-southeast-1.compute.amazonaws.com",
            "public_ip": "18.141.106.44",
            "public_ipv4_pool": "amazon",
            "tags": {},
            "tags_all": {},
            "timeouts": null,
            "vpc": true
          },
          "sensitive_attributes": [],
          "private": "eyJlMmJmYjczMC1lY2FhLTExZTYtOGY4OC0zNDM2M2JjN2M0YzAiOnsiZGVsZXRlIjoxODAwMDAwMDAwMDAsInJlYWQiOjkwMDAwMDAwMDAwMCwidXBkYXRlIjozMDAwMDAwMDAwMDB9fQ=="
        }
      ]
    },
    {
      "mode": "managed",
      "type": "aws_eip_association",
      "name": "binding_server_eip",
      "provider": "provider[\"registry.terraform.io/hashicorp/aws\"]",
      "instances": [
        {
          "schema_version": 0,
          "attributes": {
            "allocation_id": "eipalloc-05b032287f82e345f",
            "allow_reassociation": null,
            "id": "eipassoc-0a6cf5b4a8080d0a5",
            "instance_id": "i-091268a918321d782",
            "network_interface_id": "eni-05917648f116d03c2",
            "private_ip_address": "10.0.1.92",
            "public_ip": "18.141.106.44"
          },
          "sensitive_attributes": [],
          "private": "bnVsbA==",
          "dependencies": [
            "aws_eip.public_eip",
            "aws_instance.public-server",
            "aws_key_pair.ec2_key_pair",
            "aws_security_group.server-sg1",
            "aws_subnet.public-subnet1",
            "aws_vpc.peering_vpc1",
            "tls_private_key.ssh_keypair"
          ]
        }
      ]
    },
    {
      "mode": "managed",
      "type": "aws_instance",
      "name": "private-server",
      "provider": "provider[\"registry.terraform.io/hashicorp/aws\"]",
      "instances": [
        {
          "schema_version": 1,
          "attributes": {
            "ami": "ami-06650ca7ed78ff6fa",
            "arn": "arn:aws:ec2:ap-southeast-1:992382362896:instance/i-028368f1116210e7e",
            "associate_public_ip_address": false,
            "availability_zone": "ap-southeast-1c",
            "capacity_reservation_specification": [
              {
                "capacity_reservation_preference": "open",
                "capacity_reservation_target": []
              }
            ],
            "cpu_core_count": 1,
            "cpu_options": [
              {
                "amd_sev_snp": "",
                "core_count": 1,
                "threads_per_core": 1
              }
            ],
            "cpu_threads_per_core": 1,
            "credit_specification": [
              {
                "cpu_credits": "standard"
              }
            ],
            "disable_api_stop": false,
            "disable_api_termination": false,
            "ebs_block_device": [],
            "ebs_optimized": false,
            "enable_primary_ipv6": null,
            "enclave_options": [
              {
                "enabled": false
              }
            ],
            "ephemeral_block_device": [],
            "get_password_data": false,
            "hibernation": false,
            "host_id": "",
            "host_resource_group_arn": null,
            "iam_instance_profile": "",
            "id": "i-028368f1116210e7e",
            "instance_initiated_shutdown_behavior": "stop",
            "instance_lifecycle": "",
            "instance_market_options": [],
            "instance_state": "running",
            "instance_type": "t2.micro",
            "ipv6_address_count": 0,
            "ipv6_addresses": [],
            "key_name": "susu.pub",
            "launch_template": [],
            "maintenance_options": [
              {
                "auto_recovery": "default"
              }
            ],
            "metadata_options": [
              {
                "http_endpoint": "enabled",
                "http_protocol_ipv6": "disabled",
                "http_put_response_hop_limit": 2,
                "http_tokens": "required",
                "instance_metadata_tags": "disabled"
              }
            ],
            "monitoring": false,
            "network_interface": [],
            "outpost_arn": "",
            "password_data": "",
            "placement_group": "",
            "placement_partition_number": 0,
            "primary_network_interface_id": "eni-06fb645591696f808",
            "private_dns": "ip-192-168-1-85.ap-southeast-1.compute.internal",
            "private_dns_name_options": [
              {
                "enable_resource_name_dns_a_record": false,
                "enable_resource_name_dns_aaaa_record": false,
                "hostname_type": "ip-name"
              }
            ],
            "private_ip": "192.168.1.85",
            "public_dns": "",
            "public_ip": "",
            "root_block_device": [
              {
                "delete_on_termination": true,
                "device_name": "/dev/sda1",
                "encrypted": false,
                "iops": 3000,
                "kms_key_id": "",
                "tags": {},
                "tags_all": {},
                "throughput": 125,
                "volume_id": "vol-0b7b256979b004795",
                "volume_size": 8,
                "volume_type": "gp3"
              }
            ],
            "secondary_private_ips": [],
            "security_groups": [],
            "source_dest_check": true,
            "spot_instance_request_id": "",
            "subnet_id": "subnet-0556882cbab6feda5",
            "tags": {
              "Name": "peering_vpc_2-Server-2"
            },
            "tags_all": {
              "Name": "peering_vpc_2-Server-2"
            },
            "tenancy": "default",
            "timeouts": null,
            "user_data": null,
            "user_data_base64": null,
            "user_data_replace_on_change": false,
            "volume_tags": null,
            "vpc_security_group_ids": [
              "sg-0abb942e8ac5400b8"
            ]
          },
          "sensitive_attributes": [],
          "private": "eyJlMmJmYjczMC1lY2FhLTExZTYtOGY4OC0zNDM2M2JjN2M0YzAiOnsiY3JlYXRlIjo2MDAwMDAwMDAwMDAsImRlbGV0ZSI6MTIwMDAwMDAwMDAwMCwicmVhZCI6OTAwMDAwMDAwMDAwLCJ1cGRhdGUiOjYwMDAwMDAwMDAwMH0sInNjaGVtYV92ZXJzaW9uIjoiMSJ9",
          "dependencies": [
            "aws_key_pair.ec2_key_pair",
            "aws_security_group.server-sg2",
            "aws_subnet.private-subnet1",
            "aws_vpc.peering_vpc2",
            "tls_private_key.ssh_keypair"
          ]
        }
      ]
    },
    {
      "mode": "managed",
      "type": "aws_instance",
      "name": "public-server",
      "provider": "provider[\"registry.terraform.io/hashicorp/aws\"]",
      "instances": [
        {
          "schema_version": 1,
          "attributes": {
            "ami": "ami-06650ca7ed78ff6fa",
            "arn": "arn:aws:ec2:ap-southeast-1:992382362896:instance/i-091268a918321d782",
            "associate_public_ip_address": true,
            "availability_zone": "ap-southeast-1b",
            "capacity_reservation_specification": [
              {
                "capacity_reservation_preference": "open",
                "capacity_reservation_target": []
              }
            ],
            "cpu_core_count": 1,
            "cpu_options": [
              {
                "amd_sev_snp": "",
                "core_count": 1,
                "threads_per_core": 1
              }
            ],
            "cpu_threads_per_core": 1,
            "credit_specification": [
              {
                "cpu_credits": "standard"
              }
            ],
            "disable_api_stop": false,
            "disable_api_termination": false,
            "ebs_block_device": [],
            "ebs_optimized": false,
            "enable_primary_ipv6": null,
            "enclave_options": [
              {
                "enabled": false
              }
            ],
            "ephemeral_block_device": [],
            "get_password_data": false,
            "hibernation": false,
            "host_id": "",
            "host_resource_group_arn": null,
            "iam_instance_profile": "",
            "id": "i-091268a918321d782",
            "instance_initiated_shutdown_behavior": "stop",
            "instance_lifecycle": "",
            "instance_market_options": [],
            "instance_state": "running",
            "instance_type": "t2.micro",
            "ipv6_address_count": 0,
            "ipv6_addresses": [],
            "key_name": "susu.pub",
            "launch_template": [],
            "maintenance_options": [
              {
                "auto_recovery": "default"
              }
            ],
            "metadata_options": [
              {
                "http_endpoint": "enabled",
                "http_protocol_ipv6": "disabled",
                "http_put_response_hop_limit": 2,
                "http_tokens": "required",
                "instance_metadata_tags": "disabled"
              }
            ],
            "monitoring": false,
            "network_interface": [],
            "outpost_arn": "",
            "password_data": "",
            "placement_group": "",
            "placement_partition_number": 0,
            "primary_network_interface_id": "eni-05917648f116d03c2",
            "private_dns": "ip-10-0-1-92.ap-southeast-1.compute.internal",
            "private_dns_name_options": [
              {
                "enable_resource_name_dns_a_record": false,
                "enable_resource_name_dns_aaaa_record": false,
                "hostname_type": "ip-name"
              }
            ],
            "private_ip": "10.0.1.92",
            "public_dns": "",
            "public_ip": "18.141.106.44",
            "root_block_device": [
              {
                "delete_on_termination": true,
                "device_name": "/dev/sda1",
                "encrypted": false,
                "iops": 3000,
                "kms_key_id": "",
                "tags": {},
                "tags_all": {},
                "throughput": 125,
                "volume_id": "vol-046dc148d7f661698",
                "volume_size": 8,
                "volume_type": "gp3"
              }
            ],
            "secondary_private_ips": [],
            "security_groups": [],
            "source_dest_check": true,
            "spot_instance_request_id": "",
            "subnet_id": "subnet-0963cd20afbf1413a",
            "tags": {
              "Name": "peering_vpc_1-Server-1"
            },
            "tags_all": {
              "Name": "peering_vpc_1-Server-1"
            },
            "tenancy": "default",
            "timeouts": null,
            "user_data": null,
            "user_data_base64": null,
            "user_data_replace_on_change": false,
            "volume_tags": null,
            "vpc_security_group_ids": [
              "sg-0bb2b582bddbe34cc"
            ]
          },
          "sensitive_attributes": [],
          "private": "eyJlMmJmYjczMC1lY2FhLTExZTYtOGY4OC0zNDM2M2JjN2M0YzAiOnsiY3JlYXRlIjo2MDAwMDAwMDAwMDAsImRlbGV0ZSI6MTIwMDAwMDAwMDAwMCwicmVhZCI6OTAwMDAwMDAwMDAwLCJ1cGRhdGUiOjYwMDAwMDAwMDAwMH0sInNjaGVtYV92ZXJzaW9uIjoiMSJ9",
          "dependencies": [
            "aws_key_pair.ec2_key_pair",
            "aws_security_group.server-sg1",
            "aws_subnet.public-subnet1",
            "aws_vpc.peering_vpc1",
            "tls_private_key.ssh_keypair"
          ]
        }
      ]
    },
    {
      "mode": "managed",
      "type": "aws_internet_gateway",
      "name": "IGW",
      "provider": "provider[\"registry.terraform.io/hashicorp/aws\"]",
      "instances": [
        {
          "schema_version": 0,
          "attributes": {
            "arn": "arn:aws:ec2:ap-southeast-1:992382362896:internet-gateway/igw-0cd5d564d0c3588b6",
            "id": "igw-0cd5d564d0c3588b6",
            "owner_id": "992382362896",
            "tags": {
              "Name": "internet-GW"
            },
            "tags_all": {
              "Name": "internet-GW"
            },
            "timeouts": null,
            "vpc_id": "vpc-0d90229bbaf5dfe74"
          },
          "sensitive_attributes": [],
          "private": "eyJlMmJmYjczMC1lY2FhLTExZTYtOGY4OC0zNDM2M2JjN2M0YzAiOnsiY3JlYXRlIjoxMjAwMDAwMDAwMDAwLCJkZWxldGUiOjEyMDAwMDAwMDAwMDAsInVwZGF0ZSI6MTIwMDAwMDAwMDAwMH19",
          "dependencies": [
            "aws_vpc.peering_vpc1"
          ]
        }
      ]
    },
    {
      "mode": "managed",
      "type": "aws_key_pair",
      "name": "ec2_key_pair",
      "provider": "provider[\"registry.terraform.io/hashicorp/aws\"]",
      "instances": [
        {
          "schema_version": 1,
          "attributes": {
            "arn": "arn:aws:ec2:ap-southeast-1:992382362896:key-pair/susu.pub",
            "fingerprint": "df:e6:a7:38:08:fa:f2:7e:94:a8:81:9e:ef:0f:a7:39",
            "id": "susu.pub",
            "key_name": "susu.pub",
            "key_name_prefix": "",
            "key_pair_id": "key-0f1a4c794d1c21947",
            "key_type": "rsa",
            "public_key": "ssh-rsa AAAAB3NzaC1yc2EAAAADAQABAAACAQDaUkzLMirJH1kagok1Jea2yo99VmViH1E+lSnIsjmPzyxuIvPAh8JZlXZLJb9wdulNQ8JzWVifTc08zEyFaqsPpldBM0bCVJEFkL3KAV2FOAUyMrEQjUSCQmlrv8VTGJIUBM2PVw+JmqtUIBhWUCETK9o0spadDt+Ih1GuKYBtn4zOkg0nRsscQJIonCDgDtZ0s62FqseBosAKIwjAM8VHVXq2vVwiIWC5DaW0VSAYjVwVqDrgHRfvAo7RuzCWtTFr28bP1WeS9/sFYEH7xyWi82jG3N15oBXAWl0OJG8wP6pZvkXMGuGxBTXJ40j7vrY6cPu5b49GWhoiZBg+KycX5Fi+9JbeDjj4Fnc4gL7LnEFty4Tj2e1pfb9WzEUulohr/odqkBuBjnvdQttU+Ypev0jJ4a7K856XkyjeZWlMpROBi7w2huBG9VWy1aQRqOgz1cYkXmnce9Q4PCKQJyiOxW05joSOp0QoH7IGNR/JIgSPHFFiLdDB3+mfRMxftIhNy6A0W9L4EKtbXCI2CULbpHRIFO4I1PI5G6k2Ed/Yfrv+X/SFtTcNJeqbwrHixflSFjH4VgN4BfEnVSfRrILEuq7WwM+aD3wmzj74C/k4wZPYEd3gli0hWu3xzDfuFO70dRNs4Nd83A9sI4tSraRAJtjLbYT7tVC4/DIzh5H+Xw==",
            "tags": {},
            "tags_all": {}
          },
          "sensitive_attributes": [],
          "private": "eyJzY2hlbWFfdmVyc2lvbiI6IjEifQ==",
          "dependencies": [
            "tls_private_key.ssh_keypair"
          ]
        }
      ]
    },
    {
      "mode": "managed",
      "type": "aws_route_table",
      "name": "private-rt",
      "provider": "provider[\"registry.terraform.io/hashicorp/aws\"]",
      "instances": [
        {
          "schema_version": 0,
          "attributes": {
            "arn": "arn:aws:ec2:ap-southeast-1:992382362896:route-table/rtb-0cdd3666031c2e9d4",
            "id": "rtb-0cdd3666031c2e9d4",
            "owner_id": "992382362896",
            "propagating_vgws": [],
            "route": [
              {
                "carrier_gateway_id": "",
                "cidr_block": "10.0.0.0/16",
                "core_network_arn": "",
                "destination_prefix_list_id": "",
                "egress_only_gateway_id": "",
                "gateway_id": "",
                "ipv6_cidr_block": "",
                "local_gateway_id": "",
                "nat_gateway_id": "",
                "network_interface_id": "",
                "transit_gateway_id": "",
                "vpc_endpoint_id": "",
                "vpc_peering_connection_id": "pcx-045ec02d99745a5a3"
              }
            ],
            "tags": {
              "Name": "My_private_RT"
            },
            "tags_all": {
              "Name": "My_private_RT"
            },
            "timeouts": null,
            "vpc_id": "vpc-0d4a88759f36c8914"
          },
          "sensitive_attributes": [],
          "private": "eyJlMmJmYjczMC1lY2FhLTExZTYtOGY4OC0zNDM2M2JjN2M0YzAiOnsiY3JlYXRlIjozMDAwMDAwMDAwMDAsImRlbGV0ZSI6MzAwMDAwMDAwMDAwLCJ1cGRhdGUiOjEyMDAwMDAwMDAwMH19",
          "dependencies": [
            "aws_vpc.peering_vpc1",
            "aws_vpc.peering_vpc2",
            "aws_vpc_peering_connection.peering"
          ]
        }
      ]
    },
    {
      "mode": "managed",
      "type": "aws_route_table",
      "name": "public-rt",
      "provider": "provider[\"registry.terraform.io/hashicorp/aws\"]",
      "instances": [
        {
          "schema_version": 0,
          "attributes": {
            "arn": "arn:aws:ec2:ap-southeast-1:992382362896:route-table/rtb-02224ec74cd5a3025",
            "id": "rtb-02224ec74cd5a3025",
            "owner_id": "992382362896",
            "propagating_vgws": [],
            "route": [
              {
                "carrier_gateway_id": "",
                "cidr_block": "0.0.0.0/0",
                "core_network_arn": "",
                "destination_prefix_list_id": "",
                "egress_only_gateway_id": "",
                "gateway_id": "igw-0cd5d564d0c3588b6",
                "ipv6_cidr_block": "",
                "local_gateway_id": "",
                "nat_gateway_id": "",
                "network_interface_id": "",
                "transit_gateway_id": "",
                "vpc_endpoint_id": "",
                "vpc_peering_connection_id": ""
              },
              {
                "carrier_gateway_id": "",
                "cidr_block": "192.168.0.0/16",
                "core_network_arn": "",
                "destination_prefix_list_id": "",
                "egress_only_gateway_id": "",
                "gateway_id": "",
                "ipv6_cidr_block": "",
                "local_gateway_id": "",
                "nat_gateway_id": "",
                "network_interface_id": "",
                "transit_gateway_id": "",
                "vpc_endpoint_id": "",
                "vpc_peering_connection_id": "pcx-045ec02d99745a5a3"
              }
            ],
            "tags": {
              "Name": "My_public_RT"
            },
            "tags_all": {
              "Name": "My_public_RT"
            },
            "timeouts": null,
            "vpc_id": "vpc-0d90229bbaf5dfe74"
          },
          "sensitive_attributes": [],
          "private": "eyJlMmJmYjczMC1lY2FhLTExZTYtOGY4OC0zNDM2M2JjN2M0YzAiOnsiY3JlYXRlIjozMDAwMDAwMDAwMDAsImRlbGV0ZSI6MzAwMDAwMDAwMDAwLCJ1cGRhdGUiOjEyMDAwMDAwMDAwMH19",
          "dependencies": [
            "aws_internet_gateway.IGW",
            "aws_vpc.peering_vpc1",
            "aws_vpc.peering_vpc2",
            "aws_vpc_peering_connection.peering"
          ]
        }
      ]
    },
    {
      "mode": "managed",
      "type": "aws_route_table_association",
      "name": "RTAsso1",
      "provider": "provider[\"registry.terraform.io/hashicorp/aws\"]",
      "instances": [
        {
          "schema_version": 0,
          "attributes": {
            "gateway_id": "",
            "id": "rtbassoc-04e418fb53d231611",
            "route_table_id": "rtb-02224ec74cd5a3025",
            "subnet_id": "subnet-0963cd20afbf1413a",
            "timeouts": null
          },
          "sensitive_attributes": [],
          "private": "eyJlMmJmYjczMC1lY2FhLTExZTYtOGY4OC0zNDM2M2JjN2M0YzAiOnsiY3JlYXRlIjozMDAwMDAwMDAwMDAsImRlbGV0ZSI6MzAwMDAwMDAwMDAwLCJ1cGRhdGUiOjEyMDAwMDAwMDAwMH19",
          "dependencies": [
            "aws_internet_gateway.IGW",
            "aws_route_table.public-rt",
            "aws_subnet.public-subnet1",
            "aws_vpc.peering_vpc1",
            "aws_vpc.peering_vpc2",
            "aws_vpc_peering_connection.peering"
          ]
        }
      ]
    },
    {
      "mode": "managed",
      "type": "aws_route_table_association",
      "name": "RTAsso2",
      "provider": "provider[\"registry.terraform.io/hashicorp/aws\"]",
      "instances": [
        {
          "schema_version": 0,
          "attributes": {
            "gateway_id": "",
            "id": "rtbassoc-0396f8aeca84055e3",
            "route_table_id": "rtb-0cdd3666031c2e9d4",
            "subnet_id": "subnet-0556882cbab6feda5",
            "timeouts": null
          },
          "sensitive_attributes": [],
          "private": "eyJlMmJmYjczMC1lY2FhLTExZTYtOGY4OC0zNDM2M2JjN2M0YzAiOnsiY3JlYXRlIjozMDAwMDAwMDAwMDAsImRlbGV0ZSI6MzAwMDAwMDAwMDAwLCJ1cGRhdGUiOjEyMDAwMDAwMDAwMH19",
          "dependencies": [
            "aws_route_table.private-rt",
            "aws_subnet.private-subnet1",
            "aws_vpc.peering_vpc1",
            "aws_vpc.peering_vpc2",
            "aws_vpc_peering_connection.peering"
          ]
        }
      ]
    },
    {
      "mode": "managed",
      "type": "aws_security_group",
      "name": "server-sg1",
      "provider": "provider[\"registry.terraform.io/hashicorp/aws\"]",
      "instances": [
        {
          "schema_version": 1,
          "attributes": {
            "arn": "arn:aws:ec2:ap-southeast-1:992382362896:security-group/sg-0bb2b582bddbe34cc",
            "description": "Managed by Terraform",
            "egress": [
              {
                "cidr_blocks": [
                  "0.0.0.0/0"
                ],
                "description": "",
                "from_port": 0,
                "ipv6_cidr_blocks": [],
                "prefix_list_ids": [],
                "protocol": "-1",
                "security_groups": [],
                "self": false,
                "to_port": 0
              }
            ],
            "id": "sg-0bb2b582bddbe34cc",
            "ingress": [
              {
                "cidr_blocks": [
                  "0.0.0.0/0"
                ],
                "description": "",
                "from_port": 0,
                "ipv6_cidr_blocks": [],
                "prefix_list_ids": [],
                "protocol": "-1",
                "security_groups": [],
                "self": false,
                "to_port": 0
              }
            ],
            "name": "server-sg",
            "name_prefix": "",
            "owner_id": "992382362896",
            "revoke_rules_on_delete": false,
            "tags": {
              "Name": "Server-SG"
            },
            "tags_all": {
              "Name": "Server-SG"
            },
            "timeouts": null,
            "vpc_id": "vpc-0d90229bbaf5dfe74"
          },
          "sensitive_attributes": [],
          "private": "eyJlMmJmYjczMC1lY2FhLTExZTYtOGY4OC0zNDM2M2JjN2M0YzAiOnsiY3JlYXRlIjo2MDAwMDAwMDAwMDAsImRlbGV0ZSI6OTAwMDAwMDAwMDAwfSwic2NoZW1hX3ZlcnNpb24iOiIxIn0=",
          "dependencies": [
            "aws_vpc.peering_vpc1"
          ]
        }
      ]
    },
    {
      "mode": "managed",
      "type": "aws_security_group",
      "name": "server-sg2",
      "provider": "provider[\"registry.terraform.io/hashicorp/aws\"]",
      "instances": [
        {
          "schema_version": 1,
          "attributes": {
            "arn": "arn:aws:ec2:ap-southeast-1:992382362896:security-group/sg-0abb942e8ac5400b8",
            "description": "Managed by Terraform",
            "egress": [
              {
                "cidr_blocks": [
                  "0.0.0.0/0"
                ],
                "description": "",
                "from_port": 0,
                "ipv6_cidr_blocks": [],
                "prefix_list_ids": [],
                "protocol": "-1",
                "security_groups": [],
                "self": false,
                "to_port": 0
              }
            ],
            "id": "sg-0abb942e8ac5400b8",
            "ingress": [
              {
                "cidr_blocks": [
                  "0.0.0.0/0"
                ],
                "description": "",
                "from_port": 0,
                "ipv6_cidr_blocks": [],
                "prefix_list_ids": [],
                "protocol": "-1",
                "security_groups": [],
                "self": false,
                "to_port": 0
              }
            ],
            "name": "server-sg2",
            "name_prefix": "",
            "owner_id": "992382362896",
            "revoke_rules_on_delete": false,
            "tags": {
              "Name": "Server-SG2"
            },
            "tags_all": {
              "Name": "Server-SG2"
            },
            "timeouts": null,
            "vpc_id": "vpc-0d4a88759f36c8914"
          },
          "sensitive_attributes": [],
          "private": "eyJlMmJmYjczMC1lY2FhLTExZTYtOGY4OC0zNDM2M2JjN2M0YzAiOnsiY3JlYXRlIjo2MDAwMDAwMDAwMDAsImRlbGV0ZSI6OTAwMDAwMDAwMDAwfSwic2NoZW1hX3ZlcnNpb24iOiIxIn0=",
          "dependencies": [
            "aws_vpc.peering_vpc2"
          ]
        }
      ]
    },
    {
      "mode": "managed",
      "type": "aws_subnet",
      "name": "private-subnet1",
      "provider": "provider[\"registry.terraform.io/hashicorp/aws\"]",
      "instances": [
        {
          "schema_version": 1,
          "attributes": {
            "arn": "arn:aws:ec2:ap-southeast-1:992382362896:subnet/subnet-0556882cbab6feda5",
            "assign_ipv6_address_on_creation": false,
            "availability_zone": "ap-southeast-1c",
            "availability_zone_id": "apse1-az3",
            "cidr_block": "192.168.1.0/24",
            "customer_owned_ipv4_pool": "",
            "enable_dns64": false,
            "enable_lni_at_device_index": 0,
            "enable_resource_name_dns_a_record_on_launch": false,
            "enable_resource_name_dns_aaaa_record_on_launch": false,
            "id": "subnet-0556882cbab6feda5",
            "ipv6_cidr_block": "",
            "ipv6_cidr_block_association_id": "",
            "ipv6_native": false,
            "map_customer_owned_ip_on_launch": false,
            "map_public_ip_on_launch": false,
            "outpost_arn": "",
            "owner_id": "992382362896",
            "private_dns_hostname_type_on_launch": "ip-name",
            "tags": {
              "Name": "private_subnet_1"
            },
            "tags_all": {
              "Name": "private_subnet_1"
            },
            "timeouts": null,
            "vpc_id": "vpc-0d4a88759f36c8914"
          },
          "sensitive_attributes": [],
          "private": "eyJlMmJmYjczMC1lY2FhLTExZTYtOGY4OC0zNDM2M2JjN2M0YzAiOnsiY3JlYXRlIjo2MDAwMDAwMDAwMDAsImRlbGV0ZSI6MTIwMDAwMDAwMDAwMH0sInNjaGVtYV92ZXJzaW9uIjoiMSJ9",
          "dependencies": [
            "aws_vpc.peering_vpc2"
          ]
        }
      ]
    },
    {
      "mode": "managed",
      "type": "aws_subnet",
      "name": "public-subnet1",
      "provider": "provider[\"registry.terraform.io/hashicorp/aws\"]",
      "instances": [
        {
          "schema_version": 1,
          "attributes": {
            "arn": "arn:aws:ec2:ap-southeast-1:992382362896:subnet/subnet-0963cd20afbf1413a",
            "assign_ipv6_address_on_creation": false,
            "availability_zone": "ap-southeast-1b",
            "availability_zone_id": "apse1-az2",
            "cidr_block": "10.0.1.0/24",
            "customer_owned_ipv4_pool": "",
            "enable_dns64": false,
            "enable_lni_at_device_index": 0,
            "enable_resource_name_dns_a_record_on_launch": false,
            "enable_resource_name_dns_aaaa_record_on_launch": false,
            "id": "subnet-0963cd20afbf1413a",
            "ipv6_cidr_block": "",
            "ipv6_cidr_block_association_id": "",
            "ipv6_native": false,
            "map_customer_owned_ip_on_launch": false,
            "map_public_ip_on_launch": true,
            "outpost_arn": "",
            "owner_id": "992382362896",
            "private_dns_hostname_type_on_launch": "ip-name",
            "tags": {
              "Name": "public_subnet_1"
            },
            "tags_all": {
              "Name": "public_subnet_1"
            },
            "timeouts": null,
            "vpc_id": "vpc-0d90229bbaf5dfe74"
          },
          "sensitive_attributes": [],
          "private": "eyJlMmJmYjczMC1lY2FhLTExZTYtOGY4OC0zNDM2M2JjN2M0YzAiOnsiY3JlYXRlIjo2MDAwMDAwMDAwMDAsImRlbGV0ZSI6MTIwMDAwMDAwMDAwMH0sInNjaGVtYV92ZXJzaW9uIjoiMSJ9",
          "dependencies": [
            "aws_vpc.peering_vpc1"
          ]
        }
      ]
    },
    {
      "mode": "managed",
      "type": "aws_vpc",
      "name": "peering_vpc1",
      "provider": "provider[\"registry.terraform.io/hashicorp/aws\"]",
      "instances": [
        {
          "schema_version": 1,
          "attributes": {
            "arn": "arn:aws:ec2:ap-southeast-1:992382362896:vpc/vpc-0d90229bbaf5dfe74",
            "assign_generated_ipv6_cidr_block": false,
            "cidr_block": "10.0.0.0/16",
            "default_network_acl_id": "acl-03100bc82b110a7f6",
            "default_route_table_id": "rtb-030f7c37dc17342c6",
            "default_security_group_id": "sg-099b1050a3244e690",
            "dhcp_options_id": "dopt-0706bb4e3898a9f7b",
            "enable_dns_hostnames": false,
            "enable_dns_support": true,
            "enable_network_address_usage_metrics": false,
            "id": "vpc-0d90229bbaf5dfe74",
            "instance_tenancy": "default",
            "ipv4_ipam_pool_id": null,
            "ipv4_netmask_length": null,
            "ipv6_association_id": "",
            "ipv6_cidr_block": "",
            "ipv6_cidr_block_network_border_group": "",
            "ipv6_ipam_pool_id": "",
            "ipv6_netmask_length": 0,
            "main_route_table_id": "rtb-030f7c37dc17342c6",
            "owner_id": "992382362896",
            "tags": {
              "Name": "peering_vpc_1"
            },
            "tags_all": {
              "Name": "peering_vpc_1"
            }
          },
          "sensitive_attributes": [],
          "private": "eyJzY2hlbWFfdmVyc2lvbiI6IjEifQ=="
        }
      ]
    },
    {
      "mode": "managed",
      "type": "aws_vpc",
      "name": "peering_vpc2",
      "provider": "provider[\"registry.terraform.io/hashicorp/aws\"]",
      "instances": [
        {
          "schema_version": 1,
          "attributes": {
            "arn": "arn:aws:ec2:ap-southeast-1:992382362896:vpc/vpc-0d4a88759f36c8914",
            "assign_generated_ipv6_cidr_block": false,
            "cidr_block": "192.168.0.0/16",
            "default_network_acl_id": "acl-0397572aef2759bec",
            "default_route_table_id": "rtb-02136270b07f0050a",
            "default_security_group_id": "sg-069c52dde99f38c25",
            "dhcp_options_id": "dopt-0706bb4e3898a9f7b",
            "enable_dns_hostnames": false,
            "enable_dns_support": true,
            "enable_network_address_usage_metrics": false,
            "id": "vpc-0d4a88759f36c8914",
            "instance_tenancy": "default",
            "ipv4_ipam_pool_id": null,
            "ipv4_netmask_length": null,
            "ipv6_association_id": "",
            "ipv6_cidr_block": "",
            "ipv6_cidr_block_network_border_group": "",
            "ipv6_ipam_pool_id": "",
            "ipv6_netmask_length": 0,
            "main_route_table_id": "rtb-02136270b07f0050a",
            "owner_id": "992382362896",
            "tags": {
              "Name": "peering_vpc_2"
            },
            "tags_all": {
              "Name": "peering_vpc_2"
            }
          },
          "sensitive_attributes": [],
          "private": "eyJzY2hlbWFfdmVyc2lvbiI6IjEifQ=="
        }
      ]
    },
    {
      "mode": "managed",
      "type": "aws_vpc_peering_connection",
      "name": "peering",
      "provider": "provider[\"registry.terraform.io/hashicorp/aws\"]",
      "instances": [
        {
          "schema_version": 0,
          "attributes": {
            "accept_status": "active",
            "accepter": [
              {
                "allow_remote_vpc_dns_resolution": false
              }
            ],
            "auto_accept": true,
            "id": "pcx-045ec02d99745a5a3",
            "peer_owner_id": "992382362896",
            "peer_region": "ap-southeast-1",
            "peer_vpc_id": "vpc-0d90229bbaf5dfe74",
            "requester": [
              {
                "allow_remote_vpc_dns_resolution": false
              }
            ],
            "tags": {
              "Name": "vpc-peering"
            },
            "tags_all": {
              "Name": "vpc-peering"
            },
            "timeouts": null,
            "vpc_id": "vpc-0d4a88759f36c8914"
          },
          "sensitive_attributes": [],
          "private": "eyJlMmJmYjczMC1lY2FhLTExZTYtOGY4OC0zNDM2M2JjN2M0YzAiOnsiY3JlYXRlIjo2MDAwMDAwMDAwMCwiZGVsZXRlIjo2MDAwMDAwMDAwMCwidXBkYXRlIjo2MDAwMDAwMDAwMH19",
          "dependencies": [
            "aws_vpc.peering_vpc1",
            "aws_vpc.peering_vpc2"
          ]
        }
      ]
    },
    {
      "mode": "managed",
      "type": "aws_vpc_security_group_egress_rule",
      "name": "egress_all_allow1",
      "provider": "provider[\"registry.terraform.io/hashicorp/aws\"]",
      "instances": [
        {
          "schema_version": 0,
          "attributes": {
            "arn": "arn:aws:ec2:ap-southeast-1:992382362896:security-group-rule/sgr-0365bd13d689d4625",
            "cidr_ipv4": "0.0.0.0/0",
            "cidr_ipv6": null,
            "description": null,
            "from_port": null,
            "id": "sgr-0365bd13d689d4625",
            "ip_protocol": "-1",
            "prefix_list_id": null,
            "referenced_security_group_id": null,
            "security_group_id": "sg-0bb2b582bddbe34cc",
            "security_group_rule_id": "sgr-0365bd13d689d4625",
            "tags": null,
            "tags_all": {},
            "to_port": null
          },
          "sensitive_attributes": [],
          "dependencies": [
            "aws_security_group.server-sg1",
            "aws_vpc.peering_vpc1"
          ]
        }
      ]
    },
    {
      "mode": "managed",
      "type": "aws_vpc_security_group_egress_rule",
      "name": "egress_all_allow2",
      "provider": "provider[\"registry.terraform.io/hashicorp/aws\"]",
      "instances": [
        {
          "schema_version": 0,
          "attributes": {
            "arn": "arn:aws:ec2:ap-southeast-1:992382362896:security-group-rule/sgr-09134aeb4d2800fc4",
            "cidr_ipv4": "0.0.0.0/0",
            "cidr_ipv6": null,
            "description": null,
            "from_port": null,
            "id": "sgr-09134aeb4d2800fc4",
            "ip_protocol": "-1",
            "prefix_list_id": null,
            "referenced_security_group_id": null,
            "security_group_id": "sg-0abb942e8ac5400b8",
            "security_group_rule_id": "sgr-09134aeb4d2800fc4",
            "tags": null,
            "tags_all": {},
            "to_port": null
          },
          "sensitive_attributes": [],
          "dependencies": [
            "aws_security_group.server-sg2",
            "aws_vpc.peering_vpc2"
          ]
        }
      ]
    },
    {
      "mode": "managed",
      "type": "aws_vpc_security_group_ingress_rule",
      "name": "ingress_ssh_allow1",
      "provider": "provider[\"registry.terraform.io/hashicorp/aws\"]",
      "instances": [
        {
          "schema_version": 0,
          "attributes": {
            "arn": "arn:aws:ec2:ap-southeast-1:992382362896:security-group-rule/sgr-010bd3a26a95b6e34",
            "cidr_ipv4": "0.0.0.0/0",
            "cidr_ipv6": null,
            "description": null,
            "from_port": null,
            "id": "sgr-010bd3a26a95b6e34",
            "ip_protocol": "-1",
            "prefix_list_id": null,
            "referenced_security_group_id": null,
            "security_group_id": "sg-0bb2b582bddbe34cc",
            "security_group_rule_id": "sgr-010bd3a26a95b6e34",
            "tags": null,
            "tags_all": {},
            "to_port": null
          },
          "sensitive_attributes": [],
          "dependencies": [
            "aws_security_group.server-sg1",
            "aws_vpc.peering_vpc1"
          ]
        }
      ]
    },
    {
      "mode": "managed",
      "type": "aws_vpc_security_group_ingress_rule",
      "name": "ingress_ssh_allow2",
      "provider": "provider[\"registry.terraform.io/hashicorp/aws\"]",
      "instances": [
        {
          "schema_version": 0,
          "attributes": {
            "arn": "arn:aws:ec2:ap-southeast-1:992382362896:security-group-rule/sgr-0e0d5a8c427e154e9",
            "cidr_ipv4": "0.0.0.0/0",
            "cidr_ipv6": null,
            "description": null,
            "from_port": null,
            "id": "sgr-0e0d5a8c427e154e9",
            "ip_protocol": "-1",
            "prefix_list_id": null,
            "referenced_security_group_id": null,
            "security_group_id": "sg-0abb942e8ac5400b8",
            "security_group_rule_id": "sgr-0e0d5a8c427e154e9",
            "tags": null,
            "tags_all": {},
            "to_port": null
          },
          "sensitive_attributes": [],
          "dependencies": [
            "aws_security_group.server-sg2",
            "aws_vpc.peering_vpc2"
          ]
        }
      ]
    },
    {
      "mode": "managed",
      "type": "local_file",
      "name": "private_key",
      "provider": "provider[\"registry.terraform.io/hashicorp/local\"]",
      "instances": [
        {
          "schema_version": 0,
          "attributes": {
            "content": "-----BEGIN RSA PRIVATE KEY-----\nMIIJKAIBAAKCAgEA2lJMyzIqyR9ZGoKJNSXmtsqPfVZlYh9RPpUpyLI5j88sbiLz\nwIfCWZV2SyW/cHbpTUPCc1lYn03NPMxMhWqrD6ZXQTNGwlSRBZC9ygFdhTgFMjKx\nEI1EgkJpa7/FUxiSFATNj1cPiZqrVCAYVlAhEyvaNLKWnQ7fiIdRrimAbZ+MzpIN\nJ0bLHECSKJwg4A7WdLOtharHgaLACiMIwDPFR1V6tr1cIiFguQ2ltFUgGI1cFag6\n4B0X7wKO0bswlrUxa9vGz9Vnkvf7BWBB+8clovNoxtzdeaAVwFpdDiRvMD+qWb5F\nzBrhsQU1yeNI+762OnD7uW+PRloaImQYPisnF+RYvvSW3g44+BZ3OIC+y5xBbcuE\n49ntaX2/VsxFLpaIa/6HapAbgY573ULbVPmKXr9IyeGuyvOel5Mo3mVpTKUTgYu8\nNobgRvVVstWkEajoM9XGJF5p3HvUODwikCcojsVtOY6EjqdEKB+yBjUfySIEjxxR\nYi3Qwd/pn0TMX7SITcugNFvS+BCrW1wiNglC26R0SBTuCNTyORupNhHf2H67/l/0\nhbU3DSXqm8Kx4sX5UhYx+FYDeAXxJ1Un0ayCxLqu1sDPmg98Js4++Av5OMGT2BHd\n4JYtIVrt8cw37hTu9HUTbODXfNwPbCOLUq2kQCbYy22E+7VQuPwyM4eR/l8CAwEA\nAQKCAgAYIbizTRxFlt12fK9F3Kaf1cv+gqo6KlQEouA3etu59aBnnB1tTpRA6rBk\npgt/FuW60J6RuXJ+SU9CRSLALIYz+KL0ZgKQQGC3SMRxq6z2qLaKUegYeET2UPju\nHAhnovOimtVN3sWs5BfD+Lg38it1vwcjhAn52kcDBFIW+idj9prNyn8BtGWG/ewp\n6PgJTBqQU7v+Zl4fCipH9I9nD1HjDKO/xzaD30Sdr9B9Glut2xIuoqW/V/fpR1Ma\nA6LfRa/syCI1ntUP/bEVawpgFicm19jhAlDIvNUqqdJXWdegcakWul1kriP8OSM0\n6ZaLnQzvcMWiPZ6MnDD/VCkJ1iM/4ImIprzZT2sOJ/s2fMrLh4cHEDhu0fm3qzb8\nrEgvnBzZiYUj3ip6r64PPyVT7dP7vrLEN3bEJAhdLZmlCFLak/dbzlqoahKlPL9Z\nJ+k4oBf3bm3xDOHgs1F6dQLQCsQ15ORZw2NhZjaw8HRtgHCYybkQ4YCPej6a9/7P\nhzKoi9u6tDArlvGDawHS4Pt7PNWvCYnMI1O9m76q+YQl6EojdljdNzC2tvWYrnfo\nqMbW5BMczsPQeMaW/slhqoyGUXVWDEmJZ55Ofe9kmrGL6XrSVGkY9P6lZf8krvoo\nIXF7p/U1pDUGDSra/OfxuEYhVz8hpl3aA2GFKC3trUh8qwV3wQKCAQEA8sAlGxhl\n3hhd9/rrSk+CPfbqEBJIKrK0pXrOLf2Abb9yN2IVQN7DxwK1393AOD6fegUuFm87\nbJGcz7JqvkhOvGR3YN7hYa6Joq7Gt5YnigVaTt+dzJTFkx5NhBCQbj+W6EaS0u5r\n77i33IGYp99ZTXYI1xhtOtBl7ga9gXZ7tQV1kQ8GhOHFpoEnO21DYLpS19ggNXFk\nkUv3DgTBJSJUjBLKPGvFcFEbslrfH4zkq/Ts8Tk9H7iSsKHjeuGeTpPubD+Xxmrd\np99AhxSS5bVzA86LscCX3bSxKHYEU35rr+A0N0848DjGjwzpV0svtcPVbHoMjqNL\nvGGUfOCco/GClwKCAQEA5jzRQKHy4KvIzSf2+931dfLsFM3RdPh+Gy1/CCCHIkQu\nj+vkh7KapWEpLoa7O/9/2OUUAtaLnKkjQ5MyImW7Fo6JC/YdJDzuZUpoHWeoe+EH\nYj16vLOsSFVObhhSpNQGGiNylKwo4WIxGv699DpQpkRcVmrSW9DR4x9CPWRRdj4N\nzne+DnUANs7RyNcB6fMfg8fq6GWRMvWa9hEKUzk2d2KKOWBlh1NeAykkOo6ZWftR\nJYPa2wIat9K2WvlplBXeltMgZ2QYj9VaZpzNpdCSdJE66hgcT7RrvXb4Opx99jO6\n9gDoPFsjJ7qbq1G/09BFNxDX/SYV+Rua15dZ+yiDeQKCAQAN9tOrnVmuzwQI0dxb\nJ/u8CMoqJoMUQbd2lXvq1Vxf89VkLjY+xxHIDvXbbOwz0BZodIfULo3ijvXQVNkj\nHRG6cKUVY3zfm6S7QQaZZP/dRrWNN/vh2uUKs4GOCU3lqa7KqdSkYaa/4YZiHupj\nLcv7UsDrbrJJ4dcbPDQGkIRJQ4kh0RV062/tRhy1pHFtzQoa9InVyTIZ0Z7ipY9e\nzXzDmgkcNK7k6SWIuwV+0SIOakZ/EeXcP0fg9U8asIPkzUm33Gikt10M3SDfJGXW\n5Ps6ytTqYsPZsx1F0JQrIWicc29NhzclSn7Rl9KMfPy/ngZW+SZjxi0DJzHdhSY9\noBT9AoIBAHwW50kIgBjrPUylb46MMJGjne4QiAWdMIqBWOgOcAbd7KKRJxikAImF\n9mYnI57QtB04SjLFY3XKC0GOggTcA5vCssaJnWc8l9hr4/WFOt+ZhxtBu3cc94v8\nvkrEPTatN6S62jSbHWVsQL8l8UdCbtlOGt5QsJPf1l+tJ0xjVyx9gX94Ni0gjj77\n9UFj8Jog+SlThJ5Ar6NhkGVzBbeZLGvn5kvKUq4/FnppoCcXWDuRIkkv6bMETVYp\n8TLTHj48Ez4DCIHxBvPur8yCUqw939GHvNMSr5+dxDvXdS5Rzen2M5wHHSP6ktYE\n04Xgh50nsUZeg6ri7hDW+fucjVi6mzECggEBAMdT/qja7W3tCoeGmJOmOSA1YreX\nBaP4PfBpoPFGatmqmIu1lb/S1Ie8pjmD9C18w+gFaAd4ihBJm4bzZg6vY7Xv0yWh\n9iMCFP0scwij3C3Gm9eGFv4FKO86LnALTc7uQ2DClVqWcl2MbBz46vjX6L8ZPj7S\n2rQGVWwJCob5Pr/8V1lwIT9NWaDYK13pgA9xCuqctefO9O0mjKWh9vnm7Kt7jUS8\n1GlzFw8/npNAYVoOU0oSl9EiO5+XjhgoOlKwU4AcjHSQ3pqRf28OhVJJOu5fKLts\nNl5HlCVTXdgFnkXLOUtRoZYDJ5NG5geYhCj33KfmtMXvMEv6fnH9bFuNqy0=\n-----END RSA PRIVATE KEY-----\n",
            "content_base64": null,
            "content_base64sha256": "OZd9wa/9IsSml8826C18XZ1hkXvwo1KWC/u2oj+QOg0=",
            "content_base64sha512": "3nuNycn6M4bXWBkCVYPIlrvWOvQoFQy6kXTdXd9JhmuBuuurgZGbSXPWi1coqX270IpE2oiN1HnjYb6NSkwTxQ==",
            "content_md5": "f3a9bb42863e028df57f00b4b1627c20",
            "content_sha1": "8ba66cb80f57871ae21906c5fc1fc43e0e545407",
            "content_sha256": "39977dc1affd22c4a697cf36e82d7c5d9d61917bf0a352960bfbb6a23f903a0d",
            "content_sha512": "de7b8dc9c9fa3386d75819025583c896bbd63af428150cba9174dd5ddf49866b81baebab81919b4973d68b5728a97dbbd08a44da888dd479e361be8d4a4c13c5",
            "directory_permission": "0777",
            "file_permission": "0777",
            "filename": "./private_key.pem",
            "id": "8ba66cb80f57871ae21906c5fc1fc43e0e545407",
            "sensitive_content": null,
            "source": null
          },
          "sensitive_attributes": [
            [
              {
                "type": "get_attr",
                "value": "sensitive_content"
              }
            ],
            [
              {
                "type": "get_attr",
                "value": "content"
              }
            ]
          ],
          "dependencies": [
            "tls_private_key.ssh_keypair"
          ]
        }
      ]
    },
    {
      "mode": "managed",
      "type": "tls_private_key",
      "name": "ssh_keypair",
      "provider": "provider[\"registry.terraform.io/hashicorp/tls\"]",
      "instances": [
        {
          "schema_version": 1,
          "attributes": {
            "algorithm": "RSA",
            "ecdsa_curve": "P224",
            "id": "dee220769216c9ec7c6786a8fe166220511e0e33",
            "private_key_openssh": "-----BEGIN OPENSSH PRIVATE KEY-----\nb3BlbnNzaC1rZXktdjEAAAAABG5vbmUAAAAEbm9uZQAAAAAAAAABAAACFwAAAAdz\nc2gtcnNhAAAAAwEAAQAAAgEA2lJMyzIqyR9ZGoKJNSXmtsqPfVZlYh9RPpUpyLI5\nj88sbiLzwIfCWZV2SyW/cHbpTUPCc1lYn03NPMxMhWqrD6ZXQTNGwlSRBZC9ygFd\nhTgFMjKxEI1EgkJpa7/FUxiSFATNj1cPiZqrVCAYVlAhEyvaNLKWnQ7fiIdRrimA\nbZ+MzpINJ0bLHECSKJwg4A7WdLOtharHgaLACiMIwDPFR1V6tr1cIiFguQ2ltFUg\nGI1cFag64B0X7wKO0bswlrUxa9vGz9Vnkvf7BWBB+8clovNoxtzdeaAVwFpdDiRv\nMD+qWb5FzBrhsQU1yeNI+762OnD7uW+PRloaImQYPisnF+RYvvSW3g44+BZ3OIC+\ny5xBbcuE49ntaX2/VsxFLpaIa/6HapAbgY573ULbVPmKXr9IyeGuyvOel5Mo3mVp\nTKUTgYu8NobgRvVVstWkEajoM9XGJF5p3HvUODwikCcojsVtOY6EjqdEKB+yBjUf\nySIEjxxRYi3Qwd/pn0TMX7SITcugNFvS+BCrW1wiNglC26R0SBTuCNTyORupNhHf\n2H67/l/0hbU3DSXqm8Kx4sX5UhYx+FYDeAXxJ1Un0ayCxLqu1sDPmg98Js4++Av5\nOMGT2BHd4JYtIVrt8cw37hTu9HUTbODXfNwPbCOLUq2kQCbYy22E+7VQuPwyM4eR\n/l8AAAc4Rar38kWq9/IAAAAHc3NoLXJzYQAAAgEA2lJMyzIqyR9ZGoKJNSXmtsqP\nfVZlYh9RPpUpyLI5j88sbiLzwIfCWZV2SyW/cHbpTUPCc1lYn03NPMxMhWqrD6ZX\nQTNGwlSRBZC9ygFdhTgFMjKxEI1EgkJpa7/FUxiSFATNj1cPiZqrVCAYVlAhEyva\nNLKWnQ7fiIdRrimAbZ+MzpINJ0bLHECSKJwg4A7WdLOtharHgaLACiMIwDPFR1V6\ntr1cIiFguQ2ltFUgGI1cFag64B0X7wKO0bswlrUxa9vGz9Vnkvf7BWBB+8clovNo\nxtzdeaAVwFpdDiRvMD+qWb5FzBrhsQU1yeNI+762OnD7uW+PRloaImQYPisnF+RY\nvvSW3g44+BZ3OIC+y5xBbcuE49ntaX2/VsxFLpaIa/6HapAbgY573ULbVPmKXr9I\nyeGuyvOel5Mo3mVpTKUTgYu8NobgRvVVstWkEajoM9XGJF5p3HvUODwikCcojsVt\nOY6EjqdEKB+yBjUfySIEjxxRYi3Qwd/pn0TMX7SITcugNFvS+BCrW1wiNglC26R0\nSBTuCNTyORupNhHf2H67/l/0hbU3DSXqm8Kx4sX5UhYx+FYDeAXxJ1Un0ayCxLqu\n1sDPmg98Js4++Av5OMGT2BHd4JYtIVrt8cw37hTu9HUTbODXfNwPbCOLUq2kQCbY\ny22E+7VQuPwyM4eR/l8AAAADAQABAAACABghuLNNHEWW3XZ8r0Xcpp/Vy/6Cqjoq\nVASi4Dd627n1oGecHW1OlEDqsGSmC38W5brQnpG5cn5JT0JFIsAshjP4ovRmApBA\nYLdIxHGrrPaotopR6Bh4RPZQ+O4cCGei86Ka1U3exazkF8P4uDfyK3W/ByOECfna\nRwMEUhb6J2P2ms3KfwG0ZYb97Cno+AlMGpBTu/5mXh8KKkf0j2cPUeMMo7/HNoPf\nRJ2v0H0aW63bEi6ipb9X9+lHUxoDot9Fr+zIIjWe1Q/9sRVrCmAWJybX2OECUMi8\n1Sqp0ldZ16BxqRa6XWSuI/w5IzTploudDO9wxaI9noycMP9UKQnWIz/giYimvNlP\naw4n+zZ8ysuHhwcQOG7R+berNvysSC+cHNmJhSPeKnqvrg8/JVPt0/u+ssQ3dsQk\nCF0tmaUIUtqT91vOWqhqEqU8v1kn6TigF/dubfEM4eCzUXp1AtAKxDXk5FnDY2Fm\nNrDwdG2AcJjJuRDhgI96Ppr3/s+HMqiL27q0MCuW8YNrAdLg+3s81a8JicwjU72b\nvqr5hCXoSiN2WN03MLa29Ziud+ioxtbkExzOw9B4xpb+yWGqjIZRdVYMSYlnnk59\n72SasYvpetJUaRj0/qVl/ySu+ighcXun9TWkNQYNKtr85/G4RiFXPyGmXdoDYYUo\nLe2tSHyrBXfBAAABAQDHU/6o2u1t7QqHhpiTpjkgNWK3lwWj+D3waaDxRmrZqpiL\ntZW/0tSHvKY5g/QtfMPoBWgHeIoQSZuG82YOr2O179MlofYjAhT9LHMIo9wtxpvX\nhhb+BSjvOi5wC03O7kNgwpValnJdjGwc+Or41+i/GT4+0tq0BlVsCQqG+T6//FdZ\ncCE/TVmg2Ctd6YAPcQrqnLXnzvTtJoylofb55uyre41EvNRpcxcPP56TQGFaDlNK\nEpfRIjufl44YKDpSsFOAHIx0kN6akX9vDoVSSTruXyi7bDZeR5QlU13YBZ5FyzlL\nUaGWAyeTRuYHmIQo99yn5rTF7zBL+n5x/WxbjastAAABAQDywCUbGGXeGF33+utK\nT4I99uoQEkgqsrSles4t/YBtv3I3YhVA3sPHArXf3cA4Pp96BS4WbztskZzPsmq+\nSE68ZHdg3uFhromirsa3lieKBVpO353MlMWTHk2EEJBuP5boRpLS7mvvuLfcgZin\n31lNdgjXGG060GXuBr2Bdnu1BXWRDwaE4cWmgSc7bUNgulLX2CA1cWSRS/cOBMEl\nIlSMEso8a8VwURuyWt8fjOSr9OzxOT0fuJKwoeN64Z5Ok+5sP5fGat2n30CHFJLl\ntXMDzouxwJfdtLEodgRTfmuv4DQ3TzjwOMaPDOlXSy+1w9VsegyOo0u8YZR84Jyj\n8YKXAAABAQDmPNFAofLgq8jNJ/b73fV18uwUzdF0+H4bLX8IIIciRC6P6+SHspql\nYSkuhrs7/3/Y5RQC1oucqSNDkzIiZbsWjokL9h0kPO5lSmgdZ6h74QdiPXq8s6xI\nVU5uGFKk1AYaI3KUrCjhYjEa/r30OlCmRFxWatJb0NHjH0I9ZFF2Pg3Od74OdQA2\nztHI1wHp8x+Dx+roZZEy9Zr2EQpTOTZ3Yoo5YGWHU14DKSQ6jplZ+1Elg9rbAhq3\n0rZa+WmUFd6W0yBnZBiP1VpmnM2l0JJ0kTrqGBxPtGu9dvg6nH32M7r2AOg8WyMn\nupurUb/T0EU3ENf9JhX5G5rXl1n7KIN5AAAAAAEC\n-----END OPENSSH PRIVATE KEY-----\n",
            "private_key_pem": "-----BEGIN RSA PRIVATE KEY-----\nMIIJKAIBAAKCAgEA2lJMyzIqyR9ZGoKJNSXmtsqPfVZlYh9RPpUpyLI5j88sbiLz\nwIfCWZV2SyW/cHbpTUPCc1lYn03NPMxMhWqrD6ZXQTNGwlSRBZC9ygFdhTgFMjKx\nEI1EgkJpa7/FUxiSFATNj1cPiZqrVCAYVlAhEyvaNLKWnQ7fiIdRrimAbZ+MzpIN\nJ0bLHECSKJwg4A7WdLOtharHgaLACiMIwDPFR1V6tr1cIiFguQ2ltFUgGI1cFag6\n4B0X7wKO0bswlrUxa9vGz9Vnkvf7BWBB+8clovNoxtzdeaAVwFpdDiRvMD+qWb5F\nzBrhsQU1yeNI+762OnD7uW+PRloaImQYPisnF+RYvvSW3g44+BZ3OIC+y5xBbcuE\n49ntaX2/VsxFLpaIa/6HapAbgY573ULbVPmKXr9IyeGuyvOel5Mo3mVpTKUTgYu8\nNobgRvVVstWkEajoM9XGJF5p3HvUODwikCcojsVtOY6EjqdEKB+yBjUfySIEjxxR\nYi3Qwd/pn0TMX7SITcugNFvS+BCrW1wiNglC26R0SBTuCNTyORupNhHf2H67/l/0\nhbU3DSXqm8Kx4sX5UhYx+FYDeAXxJ1Un0ayCxLqu1sDPmg98Js4++Av5OMGT2BHd\n4JYtIVrt8cw37hTu9HUTbODXfNwPbCOLUq2kQCbYy22E+7VQuPwyM4eR/l8CAwEA\nAQKCAgAYIbizTRxFlt12fK9F3Kaf1cv+gqo6KlQEouA3etu59aBnnB1tTpRA6rBk\npgt/FuW60J6RuXJ+SU9CRSLALIYz+KL0ZgKQQGC3SMRxq6z2qLaKUegYeET2UPju\nHAhnovOimtVN3sWs5BfD+Lg38it1vwcjhAn52kcDBFIW+idj9prNyn8BtGWG/ewp\n6PgJTBqQU7v+Zl4fCipH9I9nD1HjDKO/xzaD30Sdr9B9Glut2xIuoqW/V/fpR1Ma\nA6LfRa/syCI1ntUP/bEVawpgFicm19jhAlDIvNUqqdJXWdegcakWul1kriP8OSM0\n6ZaLnQzvcMWiPZ6MnDD/VCkJ1iM/4ImIprzZT2sOJ/s2fMrLh4cHEDhu0fm3qzb8\nrEgvnBzZiYUj3ip6r64PPyVT7dP7vrLEN3bEJAhdLZmlCFLak/dbzlqoahKlPL9Z\nJ+k4oBf3bm3xDOHgs1F6dQLQCsQ15ORZw2NhZjaw8HRtgHCYybkQ4YCPej6a9/7P\nhzKoi9u6tDArlvGDawHS4Pt7PNWvCYnMI1O9m76q+YQl6EojdljdNzC2tvWYrnfo\nqMbW5BMczsPQeMaW/slhqoyGUXVWDEmJZ55Ofe9kmrGL6XrSVGkY9P6lZf8krvoo\nIXF7p/U1pDUGDSra/OfxuEYhVz8hpl3aA2GFKC3trUh8qwV3wQKCAQEA8sAlGxhl\n3hhd9/rrSk+CPfbqEBJIKrK0pXrOLf2Abb9yN2IVQN7DxwK1393AOD6fegUuFm87\nbJGcz7JqvkhOvGR3YN7hYa6Joq7Gt5YnigVaTt+dzJTFkx5NhBCQbj+W6EaS0u5r\n77i33IGYp99ZTXYI1xhtOtBl7ga9gXZ7tQV1kQ8GhOHFpoEnO21DYLpS19ggNXFk\nkUv3DgTBJSJUjBLKPGvFcFEbslrfH4zkq/Ts8Tk9H7iSsKHjeuGeTpPubD+Xxmrd\np99AhxSS5bVzA86LscCX3bSxKHYEU35rr+A0N0848DjGjwzpV0svtcPVbHoMjqNL\nvGGUfOCco/GClwKCAQEA5jzRQKHy4KvIzSf2+931dfLsFM3RdPh+Gy1/CCCHIkQu\nj+vkh7KapWEpLoa7O/9/2OUUAtaLnKkjQ5MyImW7Fo6JC/YdJDzuZUpoHWeoe+EH\nYj16vLOsSFVObhhSpNQGGiNylKwo4WIxGv699DpQpkRcVmrSW9DR4x9CPWRRdj4N\nzne+DnUANs7RyNcB6fMfg8fq6GWRMvWa9hEKUzk2d2KKOWBlh1NeAykkOo6ZWftR\nJYPa2wIat9K2WvlplBXeltMgZ2QYj9VaZpzNpdCSdJE66hgcT7RrvXb4Opx99jO6\n9gDoPFsjJ7qbq1G/09BFNxDX/SYV+Rua15dZ+yiDeQKCAQAN9tOrnVmuzwQI0dxb\nJ/u8CMoqJoMUQbd2lXvq1Vxf89VkLjY+xxHIDvXbbOwz0BZodIfULo3ijvXQVNkj\nHRG6cKUVY3zfm6S7QQaZZP/dRrWNN/vh2uUKs4GOCU3lqa7KqdSkYaa/4YZiHupj\nLcv7UsDrbrJJ4dcbPDQGkIRJQ4kh0RV062/tRhy1pHFtzQoa9InVyTIZ0Z7ipY9e\nzXzDmgkcNK7k6SWIuwV+0SIOakZ/EeXcP0fg9U8asIPkzUm33Gikt10M3SDfJGXW\n5Ps6ytTqYsPZsx1F0JQrIWicc29NhzclSn7Rl9KMfPy/ngZW+SZjxi0DJzHdhSY9\noBT9AoIBAHwW50kIgBjrPUylb46MMJGjne4QiAWdMIqBWOgOcAbd7KKRJxikAImF\n9mYnI57QtB04SjLFY3XKC0GOggTcA5vCssaJnWc8l9hr4/WFOt+ZhxtBu3cc94v8\nvkrEPTatN6S62jSbHWVsQL8l8UdCbtlOGt5QsJPf1l+tJ0xjVyx9gX94Ni0gjj77\n9UFj8Jog+SlThJ5Ar6NhkGVzBbeZLGvn5kvKUq4/FnppoCcXWDuRIkkv6bMETVYp\n8TLTHj48Ez4DCIHxBvPur8yCUqw939GHvNMSr5+dxDvXdS5Rzen2M5wHHSP6ktYE\n04Xgh50nsUZeg6ri7hDW+fucjVi6mzECggEBAMdT/qja7W3tCoeGmJOmOSA1YreX\nBaP4PfBpoPFGatmqmIu1lb/S1Ie8pjmD9C18w+gFaAd4ihBJm4bzZg6vY7Xv0yWh\n9iMCFP0scwij3C3Gm9eGFv4FKO86LnALTc7uQ2DClVqWcl2MbBz46vjX6L8ZPj7S\n2rQGVWwJCob5Pr/8V1lwIT9NWaDYK13pgA9xCuqctefO9O0mjKWh9vnm7Kt7jUS8\n1GlzFw8/npNAYVoOU0oSl9EiO5+XjhgoOlKwU4AcjHSQ3pqRf28OhVJJOu5fKLts\nNl5HlCVTXdgFnkXLOUtRoZYDJ5NG5geYhCj33KfmtMXvMEv6fnH9bFuNqy0=\n-----END RSA PRIVATE KEY-----\n",
            "private_key_pem_pkcs8": "-----BEGIN PRIVATE KEY-----\nMIIJQgIBADANBgkqhkiG9w0BAQEFAASCCSwwggkoAgEAAoICAQDaUkzLMirJH1ka\ngok1Jea2yo99VmViH1E+lSnIsjmPzyxuIvPAh8JZlXZLJb9wdulNQ8JzWVifTc08\nzEyFaqsPpldBM0bCVJEFkL3KAV2FOAUyMrEQjUSCQmlrv8VTGJIUBM2PVw+JmqtU\nIBhWUCETK9o0spadDt+Ih1GuKYBtn4zOkg0nRsscQJIonCDgDtZ0s62FqseBosAK\nIwjAM8VHVXq2vVwiIWC5DaW0VSAYjVwVqDrgHRfvAo7RuzCWtTFr28bP1WeS9/sF\nYEH7xyWi82jG3N15oBXAWl0OJG8wP6pZvkXMGuGxBTXJ40j7vrY6cPu5b49GWhoi\nZBg+KycX5Fi+9JbeDjj4Fnc4gL7LnEFty4Tj2e1pfb9WzEUulohr/odqkBuBjnvd\nQttU+Ypev0jJ4a7K856XkyjeZWlMpROBi7w2huBG9VWy1aQRqOgz1cYkXmnce9Q4\nPCKQJyiOxW05joSOp0QoH7IGNR/JIgSPHFFiLdDB3+mfRMxftIhNy6A0W9L4EKtb\nXCI2CULbpHRIFO4I1PI5G6k2Ed/Yfrv+X/SFtTcNJeqbwrHixflSFjH4VgN4BfEn\nVSfRrILEuq7WwM+aD3wmzj74C/k4wZPYEd3gli0hWu3xzDfuFO70dRNs4Nd83A9s\nI4tSraRAJtjLbYT7tVC4/DIzh5H+XwIDAQABAoICABghuLNNHEWW3XZ8r0Xcpp/V\ny/6CqjoqVASi4Dd627n1oGecHW1OlEDqsGSmC38W5brQnpG5cn5JT0JFIsAshjP4\novRmApBAYLdIxHGrrPaotopR6Bh4RPZQ+O4cCGei86Ka1U3exazkF8P4uDfyK3W/\nByOECfnaRwMEUhb6J2P2ms3KfwG0ZYb97Cno+AlMGpBTu/5mXh8KKkf0j2cPUeMM\no7/HNoPfRJ2v0H0aW63bEi6ipb9X9+lHUxoDot9Fr+zIIjWe1Q/9sRVrCmAWJybX\n2OECUMi81Sqp0ldZ16BxqRa6XWSuI/w5IzTploudDO9wxaI9noycMP9UKQnWIz/g\niYimvNlPaw4n+zZ8ysuHhwcQOG7R+berNvysSC+cHNmJhSPeKnqvrg8/JVPt0/u+\nssQ3dsQkCF0tmaUIUtqT91vOWqhqEqU8v1kn6TigF/dubfEM4eCzUXp1AtAKxDXk\n5FnDY2FmNrDwdG2AcJjJuRDhgI96Ppr3/s+HMqiL27q0MCuW8YNrAdLg+3s81a8J\nicwjU72bvqr5hCXoSiN2WN03MLa29Ziud+ioxtbkExzOw9B4xpb+yWGqjIZRdVYM\nSYlnnk5972SasYvpetJUaRj0/qVl/ySu+ighcXun9TWkNQYNKtr85/G4RiFXPyGm\nXdoDYYUoLe2tSHyrBXfBAoIBAQDywCUbGGXeGF33+utKT4I99uoQEkgqsrSles4t\n/YBtv3I3YhVA3sPHArXf3cA4Pp96BS4WbztskZzPsmq+SE68ZHdg3uFhromirsa3\nlieKBVpO353MlMWTHk2EEJBuP5boRpLS7mvvuLfcgZin31lNdgjXGG060GXuBr2B\ndnu1BXWRDwaE4cWmgSc7bUNgulLX2CA1cWSRS/cOBMElIlSMEso8a8VwURuyWt8f\njOSr9OzxOT0fuJKwoeN64Z5Ok+5sP5fGat2n30CHFJLltXMDzouxwJfdtLEodgRT\nfmuv4DQ3TzjwOMaPDOlXSy+1w9VsegyOo0u8YZR84Jyj8YKXAoIBAQDmPNFAofLg\nq8jNJ/b73fV18uwUzdF0+H4bLX8IIIciRC6P6+SHspqlYSkuhrs7/3/Y5RQC1ouc\nqSNDkzIiZbsWjokL9h0kPO5lSmgdZ6h74QdiPXq8s6xIVU5uGFKk1AYaI3KUrCjh\nYjEa/r30OlCmRFxWatJb0NHjH0I9ZFF2Pg3Od74OdQA2ztHI1wHp8x+Dx+roZZEy\n9Zr2EQpTOTZ3Yoo5YGWHU14DKSQ6jplZ+1Elg9rbAhq30rZa+WmUFd6W0yBnZBiP\n1VpmnM2l0JJ0kTrqGBxPtGu9dvg6nH32M7r2AOg8WyMnupurUb/T0EU3ENf9JhX5\nG5rXl1n7KIN5AoIBAA3206udWa7PBAjR3Fsn+7wIyiomgxRBt3aVe+rVXF/z1WQu\nNj7HEcgO9dts7DPQFmh0h9QujeKO9dBU2SMdEbpwpRVjfN+bpLtBBplk/91GtY03\n++Ha5QqzgY4JTeWprsqp1KRhpr/hhmIe6mMty/tSwOtusknh1xs8NAaQhElDiSHR\nFXTrb+1GHLWkcW3NChr0idXJMhnRnuKlj17NfMOaCRw0ruTpJYi7BX7RIg5qRn8R\n5dw/R+D1Txqwg+TNSbfcaKS3XQzdIN8kZdbk+zrK1Opiw9mzHUXQlCshaJxzb02H\nNyVKftGX0ox8/L+eBlb5JmPGLQMnMd2FJj2gFP0CggEAfBbnSQiAGOs9TKVvjoww\nkaOd7hCIBZ0wioFY6A5wBt3sopEnGKQAiYX2ZicjntC0HThKMsVjdcoLQY6CBNwD\nm8KyxomdZzyX2Gvj9YU635mHG0G7dxz3i/y+SsQ9Nq03pLraNJsdZWxAvyXxR0Ju\n2U4a3lCwk9/WX60nTGNXLH2Bf3g2LSCOPvv1QWPwmiD5KVOEnkCvo2GQZXMFt5ks\na+fmS8pSrj8WemmgJxdYO5EiSS/pswRNVinxMtMePjwTPgMIgfEG8+6vzIJSrD3f\n0Ye80xKvn53EO9d1LlHN6fYznAcdI/qS1gTTheCHnSexRl6DquLuENb5+5yNWLqb\nMQKCAQEAx1P+qNrtbe0Kh4aYk6Y5IDVit5cFo/g98Gmg8UZq2aqYi7WVv9LUh7ym\nOYP0LXzD6AVoB3iKEEmbhvNmDq9jte/TJaH2IwIU/SxzCKPcLcab14YW/gUo7zou\ncAtNzu5DYMKVWpZyXYxsHPjq+Nfovxk+PtLatAZVbAkKhvk+v/xXWXAhP01ZoNgr\nXemAD3EK6py158707SaMpaH2+ebsq3uNRLzUaXMXDz+ek0BhWg5TShKX0SI7n5eO\nGCg6UrBTgByMdJDempF/bw6FUkk67l8ou2w2XkeUJVNd2AWeRcs5S1GhlgMnk0bm\nB5iEKPfcp+a0xe8wS/p+cf1sW42rLQ==\n-----END PRIVATE KEY-----\n",
            "public_key_fingerprint_md5": "dc:13:65:ca:9a:99:12:87:e1:83:68:70:82:f9:29:14",
            "public_key_fingerprint_sha256": "SHA256:7BrReb7vT7Qzg7wI6nxKxL1qZbggruiBd5hoDSCj0do",
            "public_key_openssh": "ssh-rsa AAAAB3NzaC1yc2EAAAADAQABAAACAQDaUkzLMirJH1kagok1Jea2yo99VmViH1E+lSnIsjmPzyxuIvPAh8JZlXZLJb9wdulNQ8JzWVifTc08zEyFaqsPpldBM0bCVJEFkL3KAV2FOAUyMrEQjUSCQmlrv8VTGJIUBM2PVw+JmqtUIBhWUCETK9o0spadDt+Ih1GuKYBtn4zOkg0nRsscQJIonCDgDtZ0s62FqseBosAKIwjAM8VHVXq2vVwiIWC5DaW0VSAYjVwVqDrgHRfvAo7RuzCWtTFr28bP1WeS9/sFYEH7xyWi82jG3N15oBXAWl0OJG8wP6pZvkXMGuGxBTXJ40j7vrY6cPu5b49GWhoiZBg+KycX5Fi+9JbeDjj4Fnc4gL7LnEFty4Tj2e1pfb9WzEUulohr/odqkBuBjnvdQttU+Ypev0jJ4a7K856XkyjeZWlMpROBi7w2huBG9VWy1aQRqOgz1cYkXmnce9Q4PCKQJyiOxW05joSOp0QoH7IGNR/JIgSPHFFiLdDB3+mfRMxftIhNy6A0W9L4EKtbXCI2CULbpHRIFO4I1PI5G6k2Ed/Yfrv+X/SFtTcNJeqbwrHixflSFjH4VgN4BfEnVSfRrILEuq7WwM+aD3wmzj74C/k4wZPYEd3gli0hWu3xzDfuFO70dRNs4Nd83A9sI4tSraRAJtjLbYT7tVC4/DIzh5H+Xw==\n",
            "public_key_pem": "-----BEGIN PUBLIC KEY-----\nMIICIjANBgkqhkiG9w0BAQEFAAOCAg8AMIICCgKCAgEA2lJMyzIqyR9ZGoKJNSXm\ntsqPfVZlYh9RPpUpyLI5j88sbiLzwIfCWZV2SyW/cHbpTUPCc1lYn03NPMxMhWqr\nD6ZXQTNGwlSRBZC9ygFdhTgFMjKxEI1EgkJpa7/FUxiSFATNj1cPiZqrVCAYVlAh\nEyvaNLKWnQ7fiIdRrimAbZ+MzpINJ0bLHECSKJwg4A7WdLOtharHgaLACiMIwDPF\nR1V6tr1cIiFguQ2ltFUgGI1cFag64B0X7wKO0bswlrUxa9vGz9Vnkvf7BWBB+8cl\novNoxtzdeaAVwFpdDiRvMD+qWb5FzBrhsQU1yeNI+762OnD7uW+PRloaImQYPisn\nF+RYvvSW3g44+BZ3OIC+y5xBbcuE49ntaX2/VsxFLpaIa/6HapAbgY573ULbVPmK\nXr9IyeGuyvOel5Mo3mVpTKUTgYu8NobgRvVVstWkEajoM9XGJF5p3HvUODwikCco\njsVtOY6EjqdEKB+yBjUfySIEjxxRYi3Qwd/pn0TMX7SITcugNFvS+BCrW1wiNglC\n26R0SBTuCNTyORupNhHf2H67/l/0hbU3DSXqm8Kx4sX5UhYx+FYDeAXxJ1Un0ayC\nxLqu1sDPmg98Js4++Av5OMGT2BHd4JYtIVrt8cw37hTu9HUTbODXfNwPbCOLUq2k\nQCbYy22E+7VQuPwyM4eR/l8CAwEAAQ==\n-----END PUBLIC KEY-----\n",
            "rsa_bits": 4096
          },
          "sensitive_attributes": [
            [
              {
                "type": "get_attr",
                "value": "private_key_pem"
              }
            ],
            [
              {
                "type": "get_attr",
                "value": "private_key_pem_pkcs8"
              }
            ],
            [
              {
                "type": "get_attr",
                "value": "private_key_openssh"
              }
            ]
          ]
        }
      ]
    }
  ],
  "check_results": [
    {
      "object_kind": "var",
      "config_addr": "var.Operation_System",
      "status": "pass",
      "objects": [
        {
          "object_addr": "var.Operation_System",
          "status": "pass"
        }
      ]
    }
  ]
}
